
Microsoft Visual Studio Solution File, Format Version 12.00
# Visual Studio 2013
VisualStudioVersion = 12.0.31101.0
MinimumVisualStudioVersion = 10.0.40219.1
Project("{8BC9CEB8-8B4A-11D0-8D11-00A0C91BC942}") = "ConsoleTest", "ConsoleTest\ConsoleTest.vcxproj", "{B66C42EC-856B-463E-82DE-2035D9591ECC}"
	ProjectSection(ProjectDependencies) = postProject
		{350AE727-F574-4CB1-9FC9-0F008D085380} = {350AE727-F574-4CB1-9FC9-0F008D085380}
	EndProjectSection
EndProject
Project("{8BC9CEB8-8B4A-11D0-8D11-00A0C91BC942}") = "WinGTest", "WinGTest\WinGTest.vcxproj", "{CAC93C4A-3D03-46D3-AFF3-3B373C45969E}"
	ProjectSection(ProjectDependencies) = postProject
		{350AE727-F574-4CB1-9FC9-0F008D085380} = {350AE727-F574-4CB1-9FC9-0F008D085380}
	EndProjectSection
EndProject
Project("{8BC9CEB8-8B4A-11D0-8D11-00A0C91BC942}") = "ProcessControl", "ProcessControl\ProcessControl.vcxproj", "{350AE727-F574-4CB1-9FC9-0F008D085380}"
EndProject
Project("{8BC9CEB8-8B4A-11D0-8D11-00A0C91BC942}") = "ProcessControlTest", "ProcessControlTest\ProcessControlTest.vcxproj", "{9FD3A7A9-B63B-4ED4-8D79-D7B3B379ECBC}"
	ProjectSection(ProjectDependencies) = postProject
		{350AE727-F574-4CB1-9FC9-0F008D085380} = {350AE727-F574-4CB1-9FC9-0F008D085380}
	EndProjectSection
EndProject
Global
	GlobalSection(SolutionConfigurationPlatforms) = preSolution
		Debug|Win32 = Debug|Win32
		Release|Win32 = Release|Win32
	EndGlobalSection
	GlobalSection(ProjectConfigurationPlatforms) = postSolution
		{B66C42EC-856B-463E-82DE-2035D9591ECC}.Debug|Win32.ActiveCfg = Debug|Win32
		{B66C42EC-856B-463E-82DE-2035D9591ECC}.Debug|Win32.Build.0 = Debug|Win32
		{B66C42EC-856B-463E-82DE-2035D9591ECC}.Release|Win32.ActiveCfg = Release|Win32
		{B66C42EC-856B-463E-82DE-2035D9591ECC}.Release|Win32.Build.0 = Release|Win32
		{CAC93C4A-3D03-46D3-AFF3-3B373C45969E}.Debug|Win32.ActiveCfg = Debug|Win32
		{CAC93C4A-3D03-46D3-AFF3-3B373C45969E}.Debug|Win32.Build.0 = Debug|Win32
		{CAC93C4A-3D03-46D3-AFF3-3B373C45969E}.Release|Win32.ActiveCfg = Release|Win32
		{CAC93C4A-3D03-46D3-AFF3-3B373C45969E}.Release|Win32.Build.0 = Release|Win32
		{350AE727-F574-4CB1-9FC9-0F008D085380}.Debug|Win32.ActiveCfg = Debug|Win32
		{350AE727-F574-4CB1-9FC9-0F008D085380}.Debug|Win32.Build.0 = Debug|Win32
		{350AE727-F574-4CB1-9FC9-0F008D085380}.Release|Win32.ActiveCfg = Release|Win32
		{350AE727-F574-4CB1-9FC9-0F008D085380}.Release|Win32.Build.0 = Release|Win32
		{9FD3A7A9-B63B-4ED4-8D79-D7B3B379ECBC}.Debug|Win32.ActiveCfg = Debug|Win32
		{9FD3A7A9-B63B-4ED4-8D79-D7B3B379ECBC}.Debug|Win32.Build.0 = Debug|Win32
		{9FD3A7A9-B63B-4ED4-8D79-D7B3B379ECBC}.Release|Win32.ActiveCfg = Release|Win32
		{9FD3A7A9-B63B-4ED4-8D79-D7B3B379ECBC}.Release|Win32.Build.0 = Release|Win32
	EndGlobalSection
	GlobalSection(SolutionProperties) = preSolution
		HideSolutionNode = FALSE
	EndGlobalSection
EndGlobal
